
Microsoft Visual Studio Solution File, Format Version 12.00
# Visual Studio Version 17
VisualStudioVersion = 17.5.33502.453
MinimumVisualStudioVersion = 10.0.40219.1
Project("{FAE04EC0-301F-11D3-BF4B-00C04F79EFBC}") = "BasicProgramming", "BasicProgramming.csproj", "{F3DB87A1-B8FC-45E9-9ED3-BA08636F0103}"
EndProject
Global
	GlobalSection(SolutionConfigurationPlatforms) = preSolution
		Debug|Any CPU = Debug|Any CPU
		Release|Any CPU = Release|Any CPU
	EndGlobalSection
	GlobalSection(ProjectConfigurationPlatforms) = postSolution
		{F3DB87A1-B8FC-45E9-9ED3-BA08636F0103}.Debug|Any CPU.ActiveCfg = Debug|Any CPU
		{F3DB87A1-B8FC-45E9-9ED3-BA08636F0103}.Debug|Any CPU.Build.0 = Debug|Any CPU
		{F3DB87A1-B8FC-45E9-9ED3-BA08636F0103}.Release|Any CPU.ActiveCfg = Release|Any CPU
		{F3DB87A1-B8FC-45E9-9ED3-BA08636F0103}.Release|Any CPU.Build.0 = Release|Any CPU
	EndGlobalSection
	GlobalSection(SolutionProperties) = preSolution
		HideSolutionNode = FALSE
	EndGlobalSection
	GlobalSection(ExtensibilityGlobals) = postSolution
		SolutionGuid = {9F018CF9-B221-4902-B3CE-338F8307F9A5}
	EndGlobalSection
EndGlobal
